
Microsoft Visual Studio Solution File, Format Version 12.00
# Visual Studio Version 16
VisualStudioVersion = 16.0.30709.132
MinimumVisualStudioVersion = 10.0.40219.1
Project("{FAE04EC0-301F-11D3-BF4B-00C04F79EFBC}") = "Solutions", "Solutions\Solutions.csproj", "{8DD34076-97C5-4030-80F6-1CD6480F7412}"
EndProject
Project("{FAE04EC0-301F-11D3-BF4B-00C04F79EFBC}") = "Tests", "Tests\Tests.csproj", "{8C2D9E58-1D8B-47DB-A918-66160C6C1C74}"
EndProject
Global
	GlobalSection(SolutionConfigurationPlatforms) = preSolution
		Debug|Any CPU = Debug|Any CPU
		Release|Any CPU = Release|Any CPU
	EndGlobalSection
	GlobalSection(ProjectConfigurationPlatforms) = postSolution
		{8DD34076-97C5-4030-80F6-1CD6480F7412}.Debug|Any CPU.ActiveCfg = Debug|Any CPU
		{8DD34076-97C5-4030-80F6-1CD6480F7412}.Debug|Any CPU.Build.0 = Debug|Any CPU
		{8DD34076-97C5-4030-80F6-1CD6480F7412}.Release|Any CPU.ActiveCfg = Release|Any CPU
		{8DD34076-97C5-4030-80F6-1CD6480F7412}.Release|Any CPU.Build.0 = Release|Any CPU
		{8C2D9E58-1D8B-47DB-A918-66160C6C1C74}.Debug|Any CPU.ActiveCfg = Debug|Any CPU
		{8C2D9E58-1D8B-47DB-A918-66160C6C1C74}.Debug|Any CPU.Build.0 = Debug|Any CPU
		{8C2D9E58-1D8B-47DB-A918-66160C6C1C74}.Release|Any CPU.ActiveCfg = Release|Any CPU
		{8C2D9E58-1D8B-47DB-A918-66160C6C1C74}.Release|Any CPU.Build.0 = Release|Any CPU
	EndGlobalSection
	GlobalSection(SolutionProperties) = preSolution
		HideSolutionNode = FALSE
	EndGlobalSection
	GlobalSection(ExtensibilityGlobals) = postSolution
		SolutionGuid = {4C09245C-1EFE-47C4-9C40-92E87D35CED5}
	EndGlobalSection
EndGlobal
